
Microsoft Visual Studio Solution File, Format Version 12.00
# Visual Studio 14
VisualStudioVersion = 14.0.25123.0
MinimumVisualStudioVersion = 10.0.40219.1
Project("{FAE04EC0-301F-11D3-BF4B-00C04F79EFBC}") = "UltraPlayer", "UltraPlayer\UltraPlayer.csproj", "{960BFDB5-9358-4D2B-A50D-2DF198340934}"
EndProject
Project("{FAE04EC0-301F-11D3-BF4B-00C04F79EFBC}") = "IranSub", "IranSub\IranSub.csproj", "{1A3987DE-2083-411F-B384-C67A7F10D4FB}"
EndProject
Global
	GlobalSection(SolutionConfigurationPlatforms) = preSolution
		Debug|Any CPU = Debug|Any CPU
		Debug|ARM = Debug|ARM
		Debug|x64 = Debug|x64
		Debug|x86 = Debug|x86
		Release|Any CPU = Release|Any CPU
		Release|ARM = Release|ARM
		Release|x64 = Release|x64
		Release|x86 = Release|x86
	EndGlobalSection
	GlobalSection(ProjectConfigurationPlatforms) = postSolution
		{960BFDB5-9358-4D2B-A50D-2DF198340934}.Debug|Any CPU.ActiveCfg = Debug|x86
		{960BFDB5-9358-4D2B-A50D-2DF198340934}.Debug|ARM.ActiveCfg = Debug|ARM
		{960BFDB5-9358-4D2B-A50D-2DF198340934}.Debug|ARM.Build.0 = Debug|ARM
		{960BFDB5-9358-4D2B-A50D-2DF198340934}.Debug|ARM.Deploy.0 = Debug|ARM
		{960BFDB5-9358-4D2B-A50D-2DF198340934}.Debug|x64.ActiveCfg = Debug|x64
		{960BFDB5-9358-4D2B-A50D-2DF198340934}.Debug|x64.Build.0 = Debug|x64
		{960BFDB5-9358-4D2B-A50D-2DF198340934}.Debug|x64.Deploy.0 = Debug|x64
		{960BFDB5-9358-4D2B-A50D-2DF198340934}.Debug|x86.ActiveCfg = Debug|x86
		{960BFDB5-9358-4D2B-A50D-2DF198340934}.Debug|x86.Build.0 = Debug|x86
		{960BFDB5-9358-4D2B-A50D-2DF198340934}.Debug|x86.Deploy.0 = Debug|x86
		{960BFDB5-9358-4D2B-A50D-2DF198340934}.Release|Any CPU.ActiveCfg = Release|x86
		{960BFDB5-9358-4D2B-A50D-2DF198340934}.Release|ARM.ActiveCfg = Release|ARM
		{960BFDB5-9358-4D2B-A50D-2DF198340934}.Release|ARM.Build.0 = Release|ARM
		{960BFDB5-9358-4D2B-A50D-2DF198340934}.Release|ARM.Deploy.0 = Release|ARM
		{960BFDB5-9358-4D2B-A50D-2DF198340934}.Release|x64.ActiveCfg = Release|x64
		{960BFDB5-9358-4D2B-A50D-2DF198340934}.Release|x64.Build.0 = Release|x64
		{960BFDB5-9358-4D2B-A50D-2DF198340934}.Release|x64.Deploy.0 = Release|x64
		{960BFDB5-9358-4D2B-A50D-2DF198340934}.Release|x86.ActiveCfg = Release|x86
		{960BFDB5-9358-4D2B-A50D-2DF198340934}.Release|x86.Build.0 = Release|x86
		{960BFDB5-9358-4D2B-A50D-2DF198340934}.Release|x86.Deploy.0 = Release|x86
		{1A3987DE-2083-411F-B384-C67A7F10D4FB}.Debug|Any CPU.ActiveCfg = Debug|Any CPU
		{1A3987DE-2083-411F-B384-C67A7F10D4FB}.Debug|Any CPU.Build.0 = Debug|Any CPU
		{1A3987DE-2083-411F-B384-C67A7F10D4FB}.Debug|ARM.ActiveCfg = Debug|Any CPU
		{1A3987DE-2083-411F-B384-C67A7F10D4FB}.Debug|ARM.Build.0 = Debug|Any CPU
		{1A3987DE-2083-411F-B384-C67A7F10D4FB}.Debug|x64.ActiveCfg = Debug|Any CPU
		{1A3987DE-2083-411F-B384-C67A7F10D4FB}.Debug|x64.Build.0 = Debug|Any CPU
		{1A3987DE-2083-411F-B384-C67A7F10D4FB}.Debug|x86.ActiveCfg = Debug|Any CPU
		{1A3987DE-2083-411F-B384-C67A7F10D4FB}.Debug|x86.Build.0 = Debug|Any CPU
		{1A3987DE-2083-411F-B384-C67A7F10D4FB}.Release|Any CPU.ActiveCfg = Release|Any CPU
		{1A3987DE-2083-411F-B384-C67A7F10D4FB}.Release|Any CPU.Build.0 = Release|Any CPU
		{1A3987DE-2083-411F-B384-C67A7F10D4FB}.Release|ARM.ActiveCfg = Release|Any CPU
		{1A3987DE-2083-411F-B384-C67A7F10D4FB}.Release|ARM.Build.0 = Release|Any CPU
		{1A3987DE-2083-411F-B384-C67A7F10D4FB}.Release|x64.ActiveCfg = Release|Any CPU
		{1A3987DE-2083-411F-B384-C67A7F10D4FB}.Release|x64.Build.0 = Release|Any CPU
		{1A3987DE-2083-411F-B384-C67A7F10D4FB}.Release|x86.ActiveCfg = Release|Any CPU
		{1A3987DE-2083-411F-B384-C67A7F10D4FB}.Release|x86.Build.0 = Release|Any CPU
	EndGlobalSection
	GlobalSection(SolutionProperties) = preSolution
		HideSolutionNode = FALSE
	EndGlobalSection
EndGlobal
